
Microsoft Visual Studio Solution File, Format Version 12.00
# Visual Studio 2013
VisualStudioVersion = 12.0.30324.0
MinimumVisualStudioVersion = 10.0.40219.1
Project("{FAE04EC0-301F-11D3-BF4B-00C04F79EFBC}") = "libalby.tests", "libalby.tests\libalby.tests.csproj", "{7BE83074-AE2F-4D85-BEEC-852DE25DEFA6}"
EndProject
Project("{FAE04EC0-301F-11D3-BF4B-00C04F79EFBC}") = "ItzWarty", "..\libwarty\ItzWarty.csproj", "{097B6B08-4034-408A-B3C0-A12E8F9E8893}"
EndProject
Project("{FAE04EC0-301F-11D3-BF4B-00C04F79EFBC}") = "libtestutil", "..\libtestutil\libtestutil.csproj", "{0060E29C-DB43-45A8-97AF-17D4AEF0DAD7}"
EndProject
Project("{FAE04EC0-301F-11D3-BF4B-00C04F79EFBC}") = "libalby", "libalby.csproj", "{B70AA658-A5AE-4FD4-B7C1-BBBCC72D3621}"
EndProject
Project("{FAE04EC0-301F-11D3-BF4B-00C04F79EFBC}") = "libalby.simple-renderer", "libalby.gui\libalby.simple-renderer.csproj", "{85CFC205-5246-447E-A590-877556216F3C}"
EndProject
Project("{FAE04EC0-301F-11D3-BF4B-00C04F79EFBC}") = "Shade.Client", "libalby.3d-renderer\Shade.Client.csproj", "{C2D1DDD1-ECBF-4AAB-B8D4-EE148CB18128}"
EndProject
Project("{FAE04EC0-301F-11D3-BF4B-00C04F79EFBC}") = "libhelios", "libhelios\libhelios.csproj", "{1AE44BCA-78B1-4B19-BDAD-752EFE931B5A}"
EndProject
Project("{FAE04EC0-301F-11D3-BF4B-00C04F79EFBC}") = "libshade.common-api", "libshade.common\libshade.common-api.csproj", "{482C98A1-FB26-4DB0-8B60-7A14924DC223}"
EndProject
Project("{FAE04EC0-301F-11D3-BF4B-00C04F79EFBC}") = "libshade.server.dungeon-api", "libshade.server.dungeon-api\libshade.server.dungeon-api.csproj", "{92AF0185-EC38-43E2-854F-C72E160CC8CE}"
EndProject
Project("{FAE04EC0-301F-11D3-BF4B-00C04F79EFBC}") = "libshade.common-impl", "libshade.common-impl\libshade.common-impl.csproj", "{9E900FD0-BD6A-4732-B29D-6147E04E599A}"
EndProject
Project("{FAE04EC0-301F-11D3-BF4B-00C04F79EFBC}") = "libshade.client", "libshade.client\libshade.client.csproj", "{D92C8523-8417-4A52-A8BC-70A53159645B}"
EndProject
Project("{FAE04EC0-301F-11D3-BF4B-00C04F79EFBC}") = "libshade.server.dungeon-impl", "libshade.server.dungeon-impl\libshade.server.dungeon-impl.csproj", "{1DDC991F-5C2D-4195-8DF2-6E17ECA050CD}"
EndProject
Project("{FAE04EC0-301F-11D3-BF4B-00C04F79EFBC}") = "libshade.server-api", "libshade.server-api\libshade.server-api.csproj", "{D83B9C88-F248-44D9-97B9-E957BC8E1637}"
EndProject
Project("{FAE04EC0-301F-11D3-BF4B-00C04F79EFBC}") = "libshade.server-impl", "libshade.server-impl\libshade.server-impl.csproj", "{7ABD9967-0409-43B3-A675-D6EBE5BA10A7}"
EndProject
Project("{FAE04EC0-301F-11D3-BF4B-00C04F79EFBC}") = "libshade.server.level-api", "libshade.server.level-api\libshade.server.level-api.csproj", "{97A0E167-B500-440D-80F0-4BB751914F74}"
EndProject
Project("{FAE04EC0-301F-11D3-BF4B-00C04F79EFBC}") = "libshade.server.level-impl", "libshade.server.level-impl\libshade.server.level-impl.csproj", "{3A46CC05-B1A1-46F6-890C-AC972E2D0FBA}"
EndProject
Project("{FAE04EC0-301F-11D3-BF4B-00C04F79EFBC}") = "libshade.server.world-api", "libshade.server.world-api\libshade.server.world-api.csproj", "{5F63E7B9-69FB-4A83-871A-D5018C164333}"
EndProject
Project("{FAE04EC0-301F-11D3-BF4B-00C04F79EFBC}") = "libshade.server.world-impl", "libshade.server.world-impl\libshade.server.world-impl.csproj", "{DE31DC1A-BB59-43F9-B944-4F80148E0ED3}"
EndProject
Project("{FAE04EC0-301F-11D3-BF4B-00C04F79EFBC}") = "libshade.server.account-api", "libshade.server.account-api\libshade.server.account-api.csproj", "{85427D5C-9FBD-49FB-9980-C674E91BF0FE}"
EndProject
Project("{FAE04EC0-301F-11D3-BF4B-00C04F79EFBC}") = "libshade.server.account-impl", "libshade.server.account-impl\libshade.server.account-impl.csproj", "{20BA25B4-6DF7-4167-ACAA-8C45EF41603C}"
EndProject
Project("{FAE04EC0-301F-11D3-BF4B-00C04F79EFBC}") = "libshade.server.nierian-api", "libshade.server.nierian-api\libshade.server.nierian-api.csproj", "{A3483AD2-5BE2-4A5F-9C80-EDCD01AE5B84}"
EndProject
Project("{FAE04EC0-301F-11D3-BF4B-00C04F79EFBC}") = "libshade.server.nierian-impl", "libshade.server.nierian-impl\libshade.server.nierian-impl.csproj", "{67C5E9D2-3113-405B-BD11-37E3008FBC66}"
EndProject
Project("{2150E333-8FDC-42A3-9474-1A3956D46DE8}") = "Server", "Server", "{208CEF52-07EC-425E-BF7D-F1C1EF5F1CC2}"
EndProject
Project("{2150E333-8FDC-42A3-9474-1A3956D46DE8}") = "Account", "Account", "{1D17DE2A-2951-412A-B5F6-15D8B8B7BF77}"
EndProject
Project("{2150E333-8FDC-42A3-9474-1A3956D46DE8}") = "Nierian", "Nierian", "{B6648819-0B76-4790-A722-D12E7938EDDC}"
EndProject
Project("{2150E333-8FDC-42A3-9474-1A3956D46DE8}") = "World", "World", "{573CCBCA-249D-419A-8F07-5D1D039C5C43}"
EndProject
Project("{2150E333-8FDC-42A3-9474-1A3956D46DE8}") = "Level", "Level", "{1636A05C-85C5-4D1D-A1F4-6AFA8BE35B83}"
EndProject
Project("{2150E333-8FDC-42A3-9474-1A3956D46DE8}") = "Client", "Client", "{A106B8BE-6B40-4081-BA47-747D55437959}"
EndProject
Project("{2150E333-8FDC-42A3-9474-1A3956D46DE8}") = "Common", "Common", "{32904F9B-14E9-4FEB-820F-5D0A90B5F573}"
EndProject
Project("{FAE04EC0-301F-11D3-BF4B-00C04F79EFBC}") = "libshade.server.lhs-impl", "libshade.server.level-host-impl\libshade.server.lhs-impl.csproj", "{915EA426-B451-4532-8CC9-2534F97723CB}"
EndProject
Project("{FAE04EC0-301F-11D3-BF4B-00C04F79EFBC}") = "libshade.server.lhs-api", "libshade.server.level-host-api\libshade.server.lhs-api.csproj", "{61BA21A8-F6DB-447E-B7D9-A43CC4B41453}"
EndProject
Project("{FAE04EC0-301F-11D3-BF4B-00C04F79EFBC}") = "libshade.server.lhm-api", "libshade.server.level-host-manager-api\libshade.server.lhm-api.csproj", "{B84594E8-D86F-4B89-96E0-B382ECF7CB4B}"
EndProject
Project("{2150E333-8FDC-42A3-9474-1A3956D46DE8}") = "LevelHost", "LevelHost", "{B1300552-E015-4084-BDC1-3D861DF57E37}"
EndProject
Project("{2150E333-8FDC-42A3-9474-1A3956D46DE8}") = "LevelHostManager", "LevelHostManager", "{436D2F1A-2999-4459-8224-5B7C236892FC}"
EndProject
Project("{2150E333-8FDC-42A3-9474-1A3956D46DE8}") = "Game", "Game", "{57EACEC4-B637-49A0-B9EC-6195ABD7E1A3}"
EndProject
Project("{FAE04EC0-301F-11D3-BF4B-00C04F79EFBC}") = "libshade.common-map-api", "libshade.common-map-api\libshade.common-map-api.csproj", "{DFA1B5B8-44ED-424A-8435-A661C9D7E094}"
EndProject
Project("{FAE04EC0-301F-11D3-BF4B-00C04F79EFBC}") = "libddn.client", "..\libimdg\libddn.client\libddn.client.csproj", "{735239BB-DDAA-42DC-854A-FEEE6BBF503E}"
EndProject
Project("{FAE04EC0-301F-11D3-BF4B-00C04F79EFBC}") = "libddn", "..\libimdg\libddn.csproj", "{EEA8CBE9-90F7-4411-A7A5-A702C902D02F}"
EndProject
Project("{FAE04EC0-301F-11D3-BF4B-00C04F79EFBC}") = "libshade.server.lhm-impl", "libshade.server.sector-manager-impl\libshade.server.lhm-impl.csproj", "{BFFF47CC-9FE5-47F6-B8E4-3771338694F2}"
EndProject
Project("{FAE04EC0-301F-11D3-BF4B-00C04F79EFBC}") = "libdpo", "..\libdpo\libdpo.csproj", "{DA87B9E0-3584-4448-97B5-9877CAC44352}"
EndProject
Project("{FAE04EC0-301F-11D3-BF4B-00C04F79EFBC}") = "libshade.cache-impl", "libshade.cache-impl\libshade.cache-impl.csproj", "{6EB878D6-87F4-4E78-99A3-A2D0D253FE77}"
EndProject
Project("{FAE04EC0-301F-11D3-BF4B-00C04F79EFBC}") = "libshade.specialized-cache-api", "libshade.foundational-api\libshade.specialized-cache-api.csproj", "{A3531295-C624-41A7-9FC5-6196B132254B}"
EndProject
Project("{FAE04EC0-301F-11D3-BF4B-00C04F79EFBC}") = "libshade.specialized-cache-impl", "libshade.specialized-cache-impl\libshade.specialized-cache-impl.csproj", "{96407E86-0D6D-4451-8CC4-7E2A13FDA2A2}"
EndProject
Project("{2150E333-8FDC-42A3-9474-1A3956D46DE8}") = "Dungeon", "Dungeon", "{1CD7C44E-9808-44D4-B59A-ADE7AA64A846}"
EndProject
Project("{FAE04EC0-301F-11D3-BF4B-00C04F79EFBC}") = "libshade.common", "..\libshade.common\libshade.common.csproj", "{B2A0957D-40A4-4908-A597-AD6000B045FD}"
EndProject
Global
	GlobalSection(SolutionConfigurationPlatforms) = preSolution
		Debug|Any CPU = Debug|Any CPU
		Debug|x86 = Debug|x86
		DummyPlatform|Any CPU = DummyPlatform|Any CPU
		DummyPlatform|x86 = DummyPlatform|x86
		Release|Any CPU = Release|Any CPU
		Release|x86 = Release|x86
		TempBuild|Any CPU = TempBuild|Any CPU
		TempBuild|x86 = TempBuild|x86
	EndGlobalSection
	GlobalSection(ProjectConfigurationPlatforms) = postSolution
		{7BE83074-AE2F-4D85-BEEC-852DE25DEFA6}.Debug|Any CPU.ActiveCfg = Debug|Any CPU
		{7BE83074-AE2F-4D85-BEEC-852DE25DEFA6}.Debug|Any CPU.Build.0 = Debug|Any CPU
		{7BE83074-AE2F-4D85-BEEC-852DE25DEFA6}.Debug|x86.ActiveCfg = Debug|Any CPU
		{7BE83074-AE2F-4D85-BEEC-852DE25DEFA6}.DummyPlatform|Any CPU.ActiveCfg = Debug|Any CPU
		{7BE83074-AE2F-4D85-BEEC-852DE25DEFA6}.DummyPlatform|Any CPU.Build.0 = Debug|Any CPU
		{7BE83074-AE2F-4D85-BEEC-852DE25DEFA6}.DummyPlatform|x86.ActiveCfg = Debug|Any CPU
		{7BE83074-AE2F-4D85-BEEC-852DE25DEFA6}.Release|Any CPU.ActiveCfg = Release|Any CPU
		{7BE83074-AE2F-4D85-BEEC-852DE25DEFA6}.Release|Any CPU.Build.0 = Release|Any CPU
		{7BE83074-AE2F-4D85-BEEC-852DE25DEFA6}.Release|x86.ActiveCfg = Release|Any CPU
		{7BE83074-AE2F-4D85-BEEC-852DE25DEFA6}.TempBuild|Any CPU.ActiveCfg = Release|Any CPU
		{7BE83074-AE2F-4D85-BEEC-852DE25DEFA6}.TempBuild|Any CPU.Build.0 = Release|Any CPU
		{7BE83074-AE2F-4D85-BEEC-852DE25DEFA6}.TempBuild|x86.ActiveCfg = Release|Any CPU
		{097B6B08-4034-408A-B3C0-A12E8F9E8893}.Debug|Any CPU.ActiveCfg = Debug|Any CPU
		{097B6B08-4034-408A-B3C0-A12E8F9E8893}.Debug|Any CPU.Build.0 = Debug|Any CPU
		{097B6B08-4034-408A-B3C0-A12E8F9E8893}.Debug|x86.ActiveCfg = Debug|x86
		{097B6B08-4034-408A-B3C0-A12E8F9E8893}.Debug|x86.Build.0 = Debug|x86
		{097B6B08-4034-408A-B3C0-A12E8F9E8893}.DummyPlatform|Any CPU.ActiveCfg = DummyPlatform|Any CPU
		{097B6B08-4034-408A-B3C0-A12E8F9E8893}.DummyPlatform|Any CPU.Build.0 = DummyPlatform|Any CPU
		{097B6B08-4034-408A-B3C0-A12E8F9E8893}.DummyPlatform|x86.ActiveCfg = DummyPlatform|x86
		{097B6B08-4034-408A-B3C0-A12E8F9E8893}.DummyPlatform|x86.Build.0 = DummyPlatform|x86
		{097B6B08-4034-408A-B3C0-A12E8F9E8893}.Release|Any CPU.ActiveCfg = Release|Any CPU
		{097B6B08-4034-408A-B3C0-A12E8F9E8893}.Release|Any CPU.Build.0 = Release|Any CPU
		{097B6B08-4034-408A-B3C0-A12E8F9E8893}.Release|x86.ActiveCfg = Release|x86
		{097B6B08-4034-408A-B3C0-A12E8F9E8893}.Release|x86.Build.0 = Release|x86
		{097B6B08-4034-408A-B3C0-A12E8F9E8893}.TempBuild|Any CPU.ActiveCfg = TempBuild|Any CPU
		{097B6B08-4034-408A-B3C0-A12E8F9E8893}.TempBuild|Any CPU.Build.0 = TempBuild|Any CPU
		{097B6B08-4034-408A-B3C0-A12E8F9E8893}.TempBuild|x86.ActiveCfg = TempBuild|x86
		{097B6B08-4034-408A-B3C0-A12E8F9E8893}.TempBuild|x86.Build.0 = TempBuild|x86
		{0060E29C-DB43-45A8-97AF-17D4AEF0DAD7}.Debug|Any CPU.ActiveCfg = Debug|Any CPU
		{0060E29C-DB43-45A8-97AF-17D4AEF0DAD7}.Debug|Any CPU.Build.0 = Debug|Any CPU
		{0060E29C-DB43-45A8-97AF-17D4AEF0DAD7}.Debug|x86.ActiveCfg = Debug|Any CPU
		{0060E29C-DB43-45A8-97AF-17D4AEF0DAD7}.DummyPlatform|Any CPU.ActiveCfg = Debug|Any CPU
		{0060E29C-DB43-45A8-97AF-17D4AEF0DAD7}.DummyPlatform|Any CPU.Build.0 = Debug|Any CPU
		{0060E29C-DB43-45A8-97AF-17D4AEF0DAD7}.DummyPlatform|x86.ActiveCfg = Debug|Any CPU
		{0060E29C-DB43-45A8-97AF-17D4AEF0DAD7}.Release|Any CPU.ActiveCfg = Release|Any CPU
		{0060E29C-DB43-45A8-97AF-17D4AEF0DAD7}.Release|Any CPU.Build.0 = Release|Any CPU
		{0060E29C-DB43-45A8-97AF-17D4AEF0DAD7}.Release|x86.ActiveCfg = Release|Any CPU
		{0060E29C-DB43-45A8-97AF-17D4AEF0DAD7}.TempBuild|Any CPU.ActiveCfg = Release|Any CPU
		{0060E29C-DB43-45A8-97AF-17D4AEF0DAD7}.TempBuild|Any CPU.Build.0 = Release|Any CPU
		{0060E29C-DB43-45A8-97AF-17D4AEF0DAD7}.TempBuild|x86.ActiveCfg = Release|Any CPU
		{B70AA658-A5AE-4FD4-B7C1-BBBCC72D3621}.Debug|Any CPU.ActiveCfg = Debug|Any CPU
		{B70AA658-A5AE-4FD4-B7C1-BBBCC72D3621}.Debug|Any CPU.Build.0 = Debug|Any CPU
		{B70AA658-A5AE-4FD4-B7C1-BBBCC72D3621}.Debug|x86.ActiveCfg = Debug|Any CPU
		{B70AA658-A5AE-4FD4-B7C1-BBBCC72D3621}.DummyPlatform|Any CPU.ActiveCfg = Debug|Any CPU
		{B70AA658-A5AE-4FD4-B7C1-BBBCC72D3621}.DummyPlatform|Any CPU.Build.0 = Debug|Any CPU
		{B70AA658-A5AE-4FD4-B7C1-BBBCC72D3621}.DummyPlatform|x86.ActiveCfg = Debug|Any CPU
		{B70AA658-A5AE-4FD4-B7C1-BBBCC72D3621}.Release|Any CPU.ActiveCfg = Release|Any CPU
		{B70AA658-A5AE-4FD4-B7C1-BBBCC72D3621}.Release|Any CPU.Build.0 = Release|Any CPU
		{B70AA658-A5AE-4FD4-B7C1-BBBCC72D3621}.Release|x86.ActiveCfg = Release|Any CPU
		{B70AA658-A5AE-4FD4-B7C1-BBBCC72D3621}.TempBuild|Any CPU.ActiveCfg = Release|Any CPU
		{B70AA658-A5AE-4FD4-B7C1-BBBCC72D3621}.TempBuild|Any CPU.Build.0 = Release|Any CPU
		{B70AA658-A5AE-4FD4-B7C1-BBBCC72D3621}.TempBuild|x86.ActiveCfg = Release|Any CPU
		{85CFC205-5246-447E-A590-877556216F3C}.Debug|Any CPU.ActiveCfg = Debug|Any CPU
		{85CFC205-5246-447E-A590-877556216F3C}.Debug|Any CPU.Build.0 = Debug|Any CPU
		{85CFC205-5246-447E-A590-877556216F3C}.Debug|x86.ActiveCfg = Debug|Any CPU
		{85CFC205-5246-447E-A590-877556216F3C}.DummyPlatform|Any CPU.ActiveCfg = Debug|Any CPU
		{85CFC205-5246-447E-A590-877556216F3C}.DummyPlatform|Any CPU.Build.0 = Debug|Any CPU
		{85CFC205-5246-447E-A590-877556216F3C}.DummyPlatform|x86.ActiveCfg = Debug|Any CPU
		{85CFC205-5246-447E-A590-877556216F3C}.Release|Any CPU.ActiveCfg = Release|Any CPU
		{85CFC205-5246-447E-A590-877556216F3C}.Release|Any CPU.Build.0 = Release|Any CPU
		{85CFC205-5246-447E-A590-877556216F3C}.Release|x86.ActiveCfg = Release|Any CPU
		{85CFC205-5246-447E-A590-877556216F3C}.TempBuild|Any CPU.ActiveCfg = Release|Any CPU
		{85CFC205-5246-447E-A590-877556216F3C}.TempBuild|Any CPU.Build.0 = Release|Any CPU
		{85CFC205-5246-447E-A590-877556216F3C}.TempBuild|x86.ActiveCfg = Release|Any CPU
		{C2D1DDD1-ECBF-4AAB-B8D4-EE148CB18128}.Debug|Any CPU.ActiveCfg = Debug|Any CPU
		{C2D1DDD1-ECBF-4AAB-B8D4-EE148CB18128}.Debug|Any CPU.Build.0 = Debug|Any CPU
		{C2D1DDD1-ECBF-4AAB-B8D4-EE148CB18128}.Debug|x86.ActiveCfg = Debug|Any CPU
		{C2D1DDD1-ECBF-4AAB-B8D4-EE148CB18128}.DummyPlatform|Any CPU.ActiveCfg = Debug|Any CPU
		{C2D1DDD1-ECBF-4AAB-B8D4-EE148CB18128}.DummyPlatform|Any CPU.Build.0 = Debug|Any CPU
		{C2D1DDD1-ECBF-4AAB-B8D4-EE148CB18128}.DummyPlatform|x86.ActiveCfg = Debug|Any CPU
		{C2D1DDD1-ECBF-4AAB-B8D4-EE148CB18128}.Release|Any CPU.ActiveCfg = Release|Any CPU
		{C2D1DDD1-ECBF-4AAB-B8D4-EE148CB18128}.Release|Any CPU.Build.0 = Release|Any CPU
		{C2D1DDD1-ECBF-4AAB-B8D4-EE148CB18128}.Release|x86.ActiveCfg = Release|Any CPU
		{C2D1DDD1-ECBF-4AAB-B8D4-EE148CB18128}.TempBuild|Any CPU.ActiveCfg = Release|Any CPU
		{C2D1DDD1-ECBF-4AAB-B8D4-EE148CB18128}.TempBuild|Any CPU.Build.0 = Release|Any CPU
		{C2D1DDD1-ECBF-4AAB-B8D4-EE148CB18128}.TempBuild|x86.ActiveCfg = Release|Any CPU
		{1AE44BCA-78B1-4B19-BDAD-752EFE931B5A}.Debug|Any CPU.ActiveCfg = Debug|Any CPU
		{1AE44BCA-78B1-4B19-BDAD-752EFE931B5A}.Debug|Any CPU.Build.0 = Debug|Any CPU
		{1AE44BCA-78B1-4B19-BDAD-752EFE931B5A}.Debug|x86.ActiveCfg = Debug|Any CPU
		{1AE44BCA-78B1-4B19-BDAD-752EFE931B5A}.DummyPlatform|Any CPU.ActiveCfg = Debug|Any CPU
		{1AE44BCA-78B1-4B19-BDAD-752EFE931B5A}.DummyPlatform|Any CPU.Build.0 = Debug|Any CPU
		{1AE44BCA-78B1-4B19-BDAD-752EFE931B5A}.DummyPlatform|x86.ActiveCfg = Debug|Any CPU
		{1AE44BCA-78B1-4B19-BDAD-752EFE931B5A}.Release|Any CPU.ActiveCfg = Release|Any CPU
		{1AE44BCA-78B1-4B19-BDAD-752EFE931B5A}.Release|Any CPU.Build.0 = Release|Any CPU
		{1AE44BCA-78B1-4B19-BDAD-752EFE931B5A}.Release|x86.ActiveCfg = Release|Any CPU
		{1AE44BCA-78B1-4B19-BDAD-752EFE931B5A}.TempBuild|Any CPU.ActiveCfg = Release|Any CPU
		{1AE44BCA-78B1-4B19-BDAD-752EFE931B5A}.TempBuild|Any CPU.Build.0 = Release|Any CPU
		{1AE44BCA-78B1-4B19-BDAD-752EFE931B5A}.TempBuild|x86.ActiveCfg = Release|Any CPU
		{482C98A1-FB26-4DB0-8B60-7A14924DC223}.Debug|Any CPU.ActiveCfg = Debug|Any CPU
		{482C98A1-FB26-4DB0-8B60-7A14924DC223}.Debug|Any CPU.Build.0 = Debug|Any CPU
		{482C98A1-FB26-4DB0-8B60-7A14924DC223}.Debug|x86.ActiveCfg = Debug|Any CPU
		{482C98A1-FB26-4DB0-8B60-7A14924DC223}.DummyPlatform|Any CPU.ActiveCfg = Debug|Any CPU
		{482C98A1-FB26-4DB0-8B60-7A14924DC223}.DummyPlatform|Any CPU.Build.0 = Debug|Any CPU
		{482C98A1-FB26-4DB0-8B60-7A14924DC223}.DummyPlatform|x86.ActiveCfg = Debug|Any CPU
		{482C98A1-FB26-4DB0-8B60-7A14924DC223}.Release|Any CPU.ActiveCfg = Release|Any CPU
		{482C98A1-FB26-4DB0-8B60-7A14924DC223}.Release|Any CPU.Build.0 = Release|Any CPU
		{482C98A1-FB26-4DB0-8B60-7A14924DC223}.Release|x86.ActiveCfg = Release|Any CPU
		{482C98A1-FB26-4DB0-8B60-7A14924DC223}.TempBuild|Any CPU.ActiveCfg = Release|Any CPU
		{482C98A1-FB26-4DB0-8B60-7A14924DC223}.TempBuild|Any CPU.Build.0 = Release|Any CPU
		{482C98A1-FB26-4DB0-8B60-7A14924DC223}.TempBuild|x86.ActiveCfg = Release|Any CPU
		{92AF0185-EC38-43E2-854F-C72E160CC8CE}.Debug|Any CPU.ActiveCfg = Debug|Any CPU
		{92AF0185-EC38-43E2-854F-C72E160CC8CE}.Debug|Any CPU.Build.0 = Debug|Any CPU
		{92AF0185-EC38-43E2-854F-C72E160CC8CE}.Debug|x86.ActiveCfg = Debug|Any CPU
		{92AF0185-EC38-43E2-854F-C72E160CC8CE}.DummyPlatform|Any CPU.ActiveCfg = Debug|Any CPU
		{92AF0185-EC38-43E2-854F-C72E160CC8CE}.DummyPlatform|Any CPU.Build.0 = Debug|Any CPU
		{92AF0185-EC38-43E2-854F-C72E160CC8CE}.DummyPlatform|x86.ActiveCfg = Debug|Any CPU
		{92AF0185-EC38-43E2-854F-C72E160CC8CE}.Release|Any CPU.ActiveCfg = Release|Any CPU
		{92AF0185-EC38-43E2-854F-C72E160CC8CE}.Release|Any CPU.Build.0 = Release|Any CPU
		{92AF0185-EC38-43E2-854F-C72E160CC8CE}.Release|x86.ActiveCfg = Release|Any CPU
		{92AF0185-EC38-43E2-854F-C72E160CC8CE}.TempBuild|Any CPU.ActiveCfg = Release|Any CPU
		{92AF0185-EC38-43E2-854F-C72E160CC8CE}.TempBuild|Any CPU.Build.0 = Release|Any CPU
		{92AF0185-EC38-43E2-854F-C72E160CC8CE}.TempBuild|x86.ActiveCfg = Release|Any CPU
		{9E900FD0-BD6A-4732-B29D-6147E04E599A}.Debug|Any CPU.ActiveCfg = Debug|Any CPU
		{9E900FD0-BD6A-4732-B29D-6147E04E599A}.Debug|Any CPU.Build.0 = Debug|Any CPU
		{9E900FD0-BD6A-4732-B29D-6147E04E599A}.Debug|x86.ActiveCfg = Debug|Any CPU
		{9E900FD0-BD6A-4732-B29D-6147E04E599A}.DummyPlatform|Any CPU.ActiveCfg = Debug|Any CPU
		{9E900FD0-BD6A-4732-B29D-6147E04E599A}.DummyPlatform|Any CPU.Build.0 = Debug|Any CPU
		{9E900FD0-BD6A-4732-B29D-6147E04E599A}.DummyPlatform|x86.ActiveCfg = Debug|Any CPU
		{9E900FD0-BD6A-4732-B29D-6147E04E599A}.Release|Any CPU.ActiveCfg = Release|Any CPU
		{9E900FD0-BD6A-4732-B29D-6147E04E599A}.Release|Any CPU.Build.0 = Release|Any CPU
		{9E900FD0-BD6A-4732-B29D-6147E04E599A}.Release|x86.ActiveCfg = Release|Any CPU
		{9E900FD0-BD6A-4732-B29D-6147E04E599A}.TempBuild|Any CPU.ActiveCfg = Release|Any CPU
		{9E900FD0-BD6A-4732-B29D-6147E04E599A}.TempBuild|Any CPU.Build.0 = Release|Any CPU
		{9E900FD0-BD6A-4732-B29D-6147E04E599A}.TempBuild|x86.ActiveCfg = Release|Any CPU
		{D92C8523-8417-4A52-A8BC-70A53159645B}.Debug|Any CPU.ActiveCfg = Debug|Any CPU
		{D92C8523-8417-4A52-A8BC-70A53159645B}.Debug|Any CPU.Build.0 = Debug|Any CPU
		{D92C8523-8417-4A52-A8BC-70A53159645B}.Debug|x86.ActiveCfg = Debug|Any CPU
		{D92C8523-8417-4A52-A8BC-70A53159645B}.DummyPlatform|Any CPU.ActiveCfg = Debug|Any CPU
		{D92C8523-8417-4A52-A8BC-70A53159645B}.DummyPlatform|Any CPU.Build.0 = Debug|Any CPU
		{D92C8523-8417-4A52-A8BC-70A53159645B}.DummyPlatform|x86.ActiveCfg = Debug|Any CPU
		{D92C8523-8417-4A52-A8BC-70A53159645B}.Release|Any CPU.ActiveCfg = Release|Any CPU
		{D92C8523-8417-4A52-A8BC-70A53159645B}.Release|Any CPU.Build.0 = Release|Any CPU
		{D92C8523-8417-4A52-A8BC-70A53159645B}.Release|x86.ActiveCfg = Release|Any CPU
		{D92C8523-8417-4A52-A8BC-70A53159645B}.TempBuild|Any CPU.ActiveCfg = Release|Any CPU
		{D92C8523-8417-4A52-A8BC-70A53159645B}.TempBuild|Any CPU.Build.0 = Release|Any CPU
		{D92C8523-8417-4A52-A8BC-70A53159645B}.TempBuild|x86.ActiveCfg = Release|Any CPU
		{1DDC991F-5C2D-4195-8DF2-6E17ECA050CD}.Debug|Any CPU.ActiveCfg = Debug|Any CPU
		{1DDC991F-5C2D-4195-8DF2-6E17ECA050CD}.Debug|Any CPU.Build.0 = Debug|Any CPU
		{1DDC991F-5C2D-4195-8DF2-6E17ECA050CD}.Debug|x86.ActiveCfg = Debug|Any CPU
		{1DDC991F-5C2D-4195-8DF2-6E17ECA050CD}.DummyPlatform|Any CPU.ActiveCfg = Debug|Any CPU
		{1DDC991F-5C2D-4195-8DF2-6E17ECA050CD}.DummyPlatform|Any CPU.Build.0 = Debug|Any CPU
		{1DDC991F-5C2D-4195-8DF2-6E17ECA050CD}.DummyPlatform|x86.ActiveCfg = Debug|Any CPU
		{1DDC991F-5C2D-4195-8DF2-6E17ECA050CD}.Release|Any CPU.ActiveCfg = Release|Any CPU
		{1DDC991F-5C2D-4195-8DF2-6E17ECA050CD}.Release|Any CPU.Build.0 = Release|Any CPU
		{1DDC991F-5C2D-4195-8DF2-6E17ECA050CD}.Release|x86.ActiveCfg = Release|Any CPU
		{1DDC991F-5C2D-4195-8DF2-6E17ECA050CD}.TempBuild|Any CPU.ActiveCfg = Release|Any CPU
		{1DDC991F-5C2D-4195-8DF2-6E17ECA050CD}.TempBuild|Any CPU.Build.0 = Release|Any CPU
		{1DDC991F-5C2D-4195-8DF2-6E17ECA050CD}.TempBuild|x86.ActiveCfg = Release|Any CPU
		{D83B9C88-F248-44D9-97B9-E957BC8E1637}.Debug|Any CPU.ActiveCfg = Debug|Any CPU
		{D83B9C88-F248-44D9-97B9-E957BC8E1637}.Debug|Any CPU.Build.0 = Debug|Any CPU
		{D83B9C88-F248-44D9-97B9-E957BC8E1637}.Debug|x86.ActiveCfg = Debug|Any CPU
		{D83B9C88-F248-44D9-97B9-E957BC8E1637}.DummyPlatform|Any CPU.ActiveCfg = Debug|Any CPU
		{D83B9C88-F248-44D9-97B9-E957BC8E1637}.DummyPlatform|Any CPU.Build.0 = Debug|Any CPU
		{D83B9C88-F248-44D9-97B9-E957BC8E1637}.DummyPlatform|x86.ActiveCfg = Debug|Any CPU
		{D83B9C88-F248-44D9-97B9-E957BC8E1637}.Release|Any CPU.ActiveCfg = Release|Any CPU
		{D83B9C88-F248-44D9-97B9-E957BC8E1637}.Release|Any CPU.Build.0 = Release|Any CPU
		{D83B9C88-F248-44D9-97B9-E957BC8E1637}.Release|x86.ActiveCfg = Release|Any CPU
		{D83B9C88-F248-44D9-97B9-E957BC8E1637}.TempBuild|Any CPU.ActiveCfg = Release|Any CPU
		{D83B9C88-F248-44D9-97B9-E957BC8E1637}.TempBuild|Any CPU.Build.0 = Release|Any CPU
		{D83B9C88-F248-44D9-97B9-E957BC8E1637}.TempBuild|x86.ActiveCfg = Release|Any CPU
		{7ABD9967-0409-43B3-A675-D6EBE5BA10A7}.Debug|Any CPU.ActiveCfg = Debug|Any CPU
		{7ABD9967-0409-43B3-A675-D6EBE5BA10A7}.Debug|Any CPU.Build.0 = Debug|Any CPU
		{7ABD9967-0409-43B3-A675-D6EBE5BA10A7}.Debug|x86.ActiveCfg = Debug|Any CPU
		{7ABD9967-0409-43B3-A675-D6EBE5BA10A7}.DummyPlatform|Any CPU.ActiveCfg = Debug|Any CPU
		{7ABD9967-0409-43B3-A675-D6EBE5BA10A7}.DummyPlatform|Any CPU.Build.0 = Debug|Any CPU
		{7ABD9967-0409-43B3-A675-D6EBE5BA10A7}.DummyPlatform|x86.ActiveCfg = Debug|Any CPU
		{7ABD9967-0409-43B3-A675-D6EBE5BA10A7}.Release|Any CPU.ActiveCfg = Release|Any CPU
		{7ABD9967-0409-43B3-A675-D6EBE5BA10A7}.Release|Any CPU.Build.0 = Release|Any CPU
		{7ABD9967-0409-43B3-A675-D6EBE5BA10A7}.Release|x86.ActiveCfg = Release|Any CPU
		{7ABD9967-0409-43B3-A675-D6EBE5BA10A7}.TempBuild|Any CPU.ActiveCfg = Release|Any CPU
		{7ABD9967-0409-43B3-A675-D6EBE5BA10A7}.TempBuild|Any CPU.Build.0 = Release|Any CPU
		{7ABD9967-0409-43B3-A675-D6EBE5BA10A7}.TempBuild|x86.ActiveCfg = Release|Any CPU
		{97A0E167-B500-440D-80F0-4BB751914F74}.Debug|Any CPU.ActiveCfg = Debug|Any CPU
		{97A0E167-B500-440D-80F0-4BB751914F74}.Debug|Any CPU.Build.0 = Debug|Any CPU
		{97A0E167-B500-440D-80F0-4BB751914F74}.Debug|x86.ActiveCfg = Debug|Any CPU
		{97A0E167-B500-440D-80F0-4BB751914F74}.DummyPlatform|Any CPU.ActiveCfg = Debug|Any CPU
		{97A0E167-B500-440D-80F0-4BB751914F74}.DummyPlatform|Any CPU.Build.0 = Debug|Any CPU
		{97A0E167-B500-440D-80F0-4BB751914F74}.DummyPlatform|x86.ActiveCfg = Debug|Any CPU
		{97A0E167-B500-440D-80F0-4BB751914F74}.Release|Any CPU.ActiveCfg = Release|Any CPU
		{97A0E167-B500-440D-80F0-4BB751914F74}.Release|Any CPU.Build.0 = Release|Any CPU
		{97A0E167-B500-440D-80F0-4BB751914F74}.Release|x86.ActiveCfg = Release|Any CPU
		{97A0E167-B500-440D-80F0-4BB751914F74}.TempBuild|Any CPU.ActiveCfg = Release|Any CPU
		{97A0E167-B500-440D-80F0-4BB751914F74}.TempBuild|Any CPU.Build.0 = Release|Any CPU
		{97A0E167-B500-440D-80F0-4BB751914F74}.TempBuild|x86.ActiveCfg = Release|Any CPU
		{3A46CC05-B1A1-46F6-890C-AC972E2D0FBA}.Debug|Any CPU.ActiveCfg = Debug|Any CPU
		{3A46CC05-B1A1-46F6-890C-AC972E2D0FBA}.Debug|Any CPU.Build.0 = Debug|Any CPU
		{3A46CC05-B1A1-46F6-890C-AC972E2D0FBA}.Debug|x86.ActiveCfg = Debug|Any CPU
		{3A46CC05-B1A1-46F6-890C-AC972E2D0FBA}.DummyPlatform|Any CPU.ActiveCfg = Debug|Any CPU
		{3A46CC05-B1A1-46F6-890C-AC972E2D0FBA}.DummyPlatform|Any CPU.Build.0 = Debug|Any CPU
		{3A46CC05-B1A1-46F6-890C-AC972E2D0FBA}.DummyPlatform|x86.ActiveCfg = Debug|Any CPU
		{3A46CC05-B1A1-46F6-890C-AC972E2D0FBA}.Release|Any CPU.ActiveCfg = Release|Any CPU
		{3A46CC05-B1A1-46F6-890C-AC972E2D0FBA}.Release|Any CPU.Build.0 = Release|Any CPU
		{3A46CC05-B1A1-46F6-890C-AC972E2D0FBA}.Release|x86.ActiveCfg = Release|Any CPU
		{3A46CC05-B1A1-46F6-890C-AC972E2D0FBA}.TempBuild|Any CPU.ActiveCfg = Release|Any CPU
		{3A46CC05-B1A1-46F6-890C-AC972E2D0FBA}.TempBuild|Any CPU.Build.0 = Release|Any CPU
		{3A46CC05-B1A1-46F6-890C-AC972E2D0FBA}.TempBuild|x86.ActiveCfg = Release|Any CPU
		{5F63E7B9-69FB-4A83-871A-D5018C164333}.Debug|Any CPU.ActiveCfg = Debug|Any CPU
		{5F63E7B9-69FB-4A83-871A-D5018C164333}.Debug|Any CPU.Build.0 = Debug|Any CPU
		{5F63E7B9-69FB-4A83-871A-D5018C164333}.Debug|x86.ActiveCfg = Debug|Any CPU
		{5F63E7B9-69FB-4A83-871A-D5018C164333}.DummyPlatform|Any CPU.ActiveCfg = Debug|Any CPU
		{5F63E7B9-69FB-4A83-871A-D5018C164333}.DummyPlatform|Any CPU.Build.0 = Debug|Any CPU
		{5F63E7B9-69FB-4A83-871A-D5018C164333}.DummyPlatform|x86.ActiveCfg = Debug|Any CPU
		{5F63E7B9-69FB-4A83-871A-D5018C164333}.Release|Any CPU.ActiveCfg = Release|Any CPU
		{5F63E7B9-69FB-4A83-871A-D5018C164333}.Release|Any CPU.Build.0 = Release|Any CPU
		{5F63E7B9-69FB-4A83-871A-D5018C164333}.Release|x86.ActiveCfg = Release|Any CPU
		{5F63E7B9-69FB-4A83-871A-D5018C164333}.TempBuild|Any CPU.ActiveCfg = Release|Any CPU
		{5F63E7B9-69FB-4A83-871A-D5018C164333}.TempBuild|Any CPU.Build.0 = Release|Any CPU
		{5F63E7B9-69FB-4A83-871A-D5018C164333}.TempBuild|x86.ActiveCfg = Release|Any CPU
		{DE31DC1A-BB59-43F9-B944-4F80148E0ED3}.Debug|Any CPU.ActiveCfg = Debug|Any CPU
		{DE31DC1A-BB59-43F9-B944-4F80148E0ED3}.Debug|Any CPU.Build.0 = Debug|Any CPU
		{DE31DC1A-BB59-43F9-B944-4F80148E0ED3}.Debug|x86.ActiveCfg = Debug|Any CPU
		{DE31DC1A-BB59-43F9-B944-4F80148E0ED3}.DummyPlatform|Any CPU.ActiveCfg = Debug|Any CPU
		{DE31DC1A-BB59-43F9-B944-4F80148E0ED3}.DummyPlatform|Any CPU.Build.0 = Debug|Any CPU
		{DE31DC1A-BB59-43F9-B944-4F80148E0ED3}.DummyPlatform|x86.ActiveCfg = Debug|Any CPU
		{DE31DC1A-BB59-43F9-B944-4F80148E0ED3}.Release|Any CPU.ActiveCfg = Release|Any CPU
		{DE31DC1A-BB59-43F9-B944-4F80148E0ED3}.Release|Any CPU.Build.0 = Release|Any CPU
		{DE31DC1A-BB59-43F9-B944-4F80148E0ED3}.Release|x86.ActiveCfg = Release|Any CPU
		{DE31DC1A-BB59-43F9-B944-4F80148E0ED3}.TempBuild|Any CPU.ActiveCfg = Release|Any CPU
		{DE31DC1A-BB59-43F9-B944-4F80148E0ED3}.TempBuild|Any CPU.Build.0 = Release|Any CPU
		{DE31DC1A-BB59-43F9-B944-4F80148E0ED3}.TempBuild|x86.ActiveCfg = Release|Any CPU
		{85427D5C-9FBD-49FB-9980-C674E91BF0FE}.Debug|Any CPU.ActiveCfg = Debug|Any CPU
		{85427D5C-9FBD-49FB-9980-C674E91BF0FE}.Debug|Any CPU.Build.0 = Debug|Any CPU
		{85427D5C-9FBD-49FB-9980-C674E91BF0FE}.Debug|x86.ActiveCfg = Debug|Any CPU
		{85427D5C-9FBD-49FB-9980-C674E91BF0FE}.DummyPlatform|Any CPU.ActiveCfg = Debug|Any CPU
		{85427D5C-9FBD-49FB-9980-C674E91BF0FE}.DummyPlatform|Any CPU.Build.0 = Debug|Any CPU
		{85427D5C-9FBD-49FB-9980-C674E91BF0FE}.DummyPlatform|x86.ActiveCfg = Debug|Any CPU
		{85427D5C-9FBD-49FB-9980-C674E91BF0FE}.Release|Any CPU.ActiveCfg = Release|Any CPU
		{85427D5C-9FBD-49FB-9980-C674E91BF0FE}.Release|Any CPU.Build.0 = Release|Any CPU
		{85427D5C-9FBD-49FB-9980-C674E91BF0FE}.Release|x86.ActiveCfg = Release|Any CPU
		{85427D5C-9FBD-49FB-9980-C674E91BF0FE}.TempBuild|Any CPU.ActiveCfg = Release|Any CPU
		{85427D5C-9FBD-49FB-9980-C674E91BF0FE}.TempBuild|Any CPU.Build.0 = Release|Any CPU
		{85427D5C-9FBD-49FB-9980-C674E91BF0FE}.TempBuild|x86.ActiveCfg = Release|Any CPU
		{20BA25B4-6DF7-4167-ACAA-8C45EF41603C}.Debug|Any CPU.ActiveCfg = Debug|Any CPU
		{20BA25B4-6DF7-4167-ACAA-8C45EF41603C}.Debug|Any CPU.Build.0 = Debug|Any CPU
		{20BA25B4-6DF7-4167-ACAA-8C45EF41603C}.Debug|x86.ActiveCfg = Debug|Any CPU
		{20BA25B4-6DF7-4167-ACAA-8C45EF41603C}.DummyPlatform|Any CPU.ActiveCfg = Debug|Any CPU
		{20BA25B4-6DF7-4167-ACAA-8C45EF41603C}.DummyPlatform|Any CPU.Build.0 = Debug|Any CPU
		{20BA25B4-6DF7-4167-ACAA-8C45EF41603C}.DummyPlatform|x86.ActiveCfg = Debug|Any CPU
		{20BA25B4-6DF7-4167-ACAA-8C45EF41603C}.Release|Any CPU.ActiveCfg = Release|Any CPU
		{20BA25B4-6DF7-4167-ACAA-8C45EF41603C}.Release|Any CPU.Build.0 = Release|Any CPU
		{20BA25B4-6DF7-4167-ACAA-8C45EF41603C}.Release|x86.ActiveCfg = Release|Any CPU
		{20BA25B4-6DF7-4167-ACAA-8C45EF41603C}.TempBuild|Any CPU.ActiveCfg = Release|Any CPU
		{20BA25B4-6DF7-4167-ACAA-8C45EF41603C}.TempBuild|Any CPU.Build.0 = Release|Any CPU
		{20BA25B4-6DF7-4167-ACAA-8C45EF41603C}.TempBuild|x86.ActiveCfg = Release|Any CPU
		{A3483AD2-5BE2-4A5F-9C80-EDCD01AE5B84}.Debug|Any CPU.ActiveCfg = Debug|Any CPU
		{A3483AD2-5BE2-4A5F-9C80-EDCD01AE5B84}.Debug|Any CPU.Build.0 = Debug|Any CPU
		{A3483AD2-5BE2-4A5F-9C80-EDCD01AE5B84}.Debug|x86.ActiveCfg = Debug|Any CPU
		{A3483AD2-5BE2-4A5F-9C80-EDCD01AE5B84}.DummyPlatform|Any CPU.ActiveCfg = Debug|Any CPU
		{A3483AD2-5BE2-4A5F-9C80-EDCD01AE5B84}.DummyPlatform|Any CPU.Build.0 = Debug|Any CPU
		{A3483AD2-5BE2-4A5F-9C80-EDCD01AE5B84}.DummyPlatform|x86.ActiveCfg = Debug|Any CPU
		{A3483AD2-5BE2-4A5F-9C80-EDCD01AE5B84}.Release|Any CPU.ActiveCfg = Release|Any CPU
		{A3483AD2-5BE2-4A5F-9C80-EDCD01AE5B84}.Release|Any CPU.Build.0 = Release|Any CPU
		{A3483AD2-5BE2-4A5F-9C80-EDCD01AE5B84}.Release|x86.ActiveCfg = Release|Any CPU
		{A3483AD2-5BE2-4A5F-9C80-EDCD01AE5B84}.TempBuild|Any CPU.ActiveCfg = Release|Any CPU
		{A3483AD2-5BE2-4A5F-9C80-EDCD01AE5B84}.TempBuild|Any CPU.Build.0 = Release|Any CPU
		{A3483AD2-5BE2-4A5F-9C80-EDCD01AE5B84}.TempBuild|x86.ActiveCfg = Release|Any CPU
		{67C5E9D2-3113-405B-BD11-37E3008FBC66}.Debug|Any CPU.ActiveCfg = Debug|Any CPU
		{67C5E9D2-3113-405B-BD11-37E3008FBC66}.Debug|Any CPU.Build.0 = Debug|Any CPU
		{67C5E9D2-3113-405B-BD11-37E3008FBC66}.Debug|x86.ActiveCfg = Debug|Any CPU
		{67C5E9D2-3113-405B-BD11-37E3008FBC66}.DummyPlatform|Any CPU.ActiveCfg = Debug|Any CPU
		{67C5E9D2-3113-405B-BD11-37E3008FBC66}.DummyPlatform|Any CPU.Build.0 = Debug|Any CPU
		{67C5E9D2-3113-405B-BD11-37E3008FBC66}.DummyPlatform|x86.ActiveCfg = Debug|Any CPU
		{67C5E9D2-3113-405B-BD11-37E3008FBC66}.Release|Any CPU.ActiveCfg = Release|Any CPU
		{67C5E9D2-3113-405B-BD11-37E3008FBC66}.Release|Any CPU.Build.0 = Release|Any CPU
		{67C5E9D2-3113-405B-BD11-37E3008FBC66}.Release|x86.ActiveCfg = Release|Any CPU
		{67C5E9D2-3113-405B-BD11-37E3008FBC66}.TempBuild|Any CPU.ActiveCfg = Release|Any CPU
		{67C5E9D2-3113-405B-BD11-37E3008FBC66}.TempBuild|Any CPU.Build.0 = Release|Any CPU
		{67C5E9D2-3113-405B-BD11-37E3008FBC66}.TempBuild|x86.ActiveCfg = Release|Any CPU
		{915EA426-B451-4532-8CC9-2534F97723CB}.Debug|Any CPU.ActiveCfg = Debug|Any CPU
		{915EA426-B451-4532-8CC9-2534F97723CB}.Debug|Any CPU.Build.0 = Debug|Any CPU
		{915EA426-B451-4532-8CC9-2534F97723CB}.Debug|x86.ActiveCfg = Debug|Any CPU
		{915EA426-B451-4532-8CC9-2534F97723CB}.DummyPlatform|Any CPU.ActiveCfg = Debug|Any CPU
		{915EA426-B451-4532-8CC9-2534F97723CB}.DummyPlatform|Any CPU.Build.0 = Debug|Any CPU
		{915EA426-B451-4532-8CC9-2534F97723CB}.DummyPlatform|x86.ActiveCfg = Debug|Any CPU
		{915EA426-B451-4532-8CC9-2534F97723CB}.Release|Any CPU.ActiveCfg = Release|Any CPU
		{915EA426-B451-4532-8CC9-2534F97723CB}.Release|Any CPU.Build.0 = Release|Any CPU
		{915EA426-B451-4532-8CC9-2534F97723CB}.Release|x86.ActiveCfg = Release|Any CPU
		{915EA426-B451-4532-8CC9-2534F97723CB}.TempBuild|Any CPU.ActiveCfg = Release|Any CPU
		{915EA426-B451-4532-8CC9-2534F97723CB}.TempBuild|Any CPU.Build.0 = Release|Any CPU
		{915EA426-B451-4532-8CC9-2534F97723CB}.TempBuild|x86.ActiveCfg = Release|Any CPU
		{61BA21A8-F6DB-447E-B7D9-A43CC4B41453}.Debug|Any CPU.ActiveCfg = Debug|Any CPU
		{61BA21A8-F6DB-447E-B7D9-A43CC4B41453}.Debug|Any CPU.Build.0 = Debug|Any CPU
		{61BA21A8-F6DB-447E-B7D9-A43CC4B41453}.Debug|x86.ActiveCfg = Debug|Any CPU
		{61BA21A8-F6DB-447E-B7D9-A43CC4B41453}.DummyPlatform|Any CPU.ActiveCfg = Debug|Any CPU
		{61BA21A8-F6DB-447E-B7D9-A43CC4B41453}.DummyPlatform|Any CPU.Build.0 = Debug|Any CPU
		{61BA21A8-F6DB-447E-B7D9-A43CC4B41453}.DummyPlatform|x86.ActiveCfg = Debug|Any CPU
		{61BA21A8-F6DB-447E-B7D9-A43CC4B41453}.Release|Any CPU.ActiveCfg = Release|Any CPU
		{61BA21A8-F6DB-447E-B7D9-A43CC4B41453}.Release|Any CPU.Build.0 = Release|Any CPU
		{61BA21A8-F6DB-447E-B7D9-A43CC4B41453}.Release|x86.ActiveCfg = Release|Any CPU
		{61BA21A8-F6DB-447E-B7D9-A43CC4B41453}.TempBuild|Any CPU.ActiveCfg = Release|Any CPU
		{61BA21A8-F6DB-447E-B7D9-A43CC4B41453}.TempBuild|Any CPU.Build.0 = Release|Any CPU
		{61BA21A8-F6DB-447E-B7D9-A43CC4B41453}.TempBuild|x86.ActiveCfg = Release|Any CPU
		{B84594E8-D86F-4B89-96E0-B382ECF7CB4B}.Debug|Any CPU.ActiveCfg = Debug|Any CPU
		{B84594E8-D86F-4B89-96E0-B382ECF7CB4B}.Debug|Any CPU.Build.0 = Debug|Any CPU
		{B84594E8-D86F-4B89-96E0-B382ECF7CB4B}.Debug|x86.ActiveCfg = Debug|Any CPU
		{B84594E8-D86F-4B89-96E0-B382ECF7CB4B}.DummyPlatform|Any CPU.ActiveCfg = Debug|Any CPU
		{B84594E8-D86F-4B89-96E0-B382ECF7CB4B}.DummyPlatform|Any CPU.Build.0 = Debug|Any CPU
		{B84594E8-D86F-4B89-96E0-B382ECF7CB4B}.DummyPlatform|x86.ActiveCfg = Debug|Any CPU
		{B84594E8-D86F-4B89-96E0-B382ECF7CB4B}.Release|Any CPU.ActiveCfg = Release|Any CPU
		{B84594E8-D86F-4B89-96E0-B382ECF7CB4B}.Release|Any CPU.Build.0 = Release|Any CPU
		{B84594E8-D86F-4B89-96E0-B382ECF7CB4B}.Release|x86.ActiveCfg = Release|Any CPU
		{B84594E8-D86F-4B89-96E0-B382ECF7CB4B}.TempBuild|Any CPU.ActiveCfg = Release|Any CPU
		{B84594E8-D86F-4B89-96E0-B382ECF7CB4B}.TempBuild|Any CPU.Build.0 = Release|Any CPU
		{B84594E8-D86F-4B89-96E0-B382ECF7CB4B}.TempBuild|x86.ActiveCfg = Release|Any CPU
		{DFA1B5B8-44ED-424A-8435-A661C9D7E094}.Debug|Any CPU.ActiveCfg = Debug|Any CPU
		{DFA1B5B8-44ED-424A-8435-A661C9D7E094}.Debug|Any CPU.Build.0 = Debug|Any CPU
		{DFA1B5B8-44ED-424A-8435-A661C9D7E094}.Debug|x86.ActiveCfg = Debug|Any CPU
		{DFA1B5B8-44ED-424A-8435-A661C9D7E094}.DummyPlatform|Any CPU.ActiveCfg = Debug|Any CPU
		{DFA1B5B8-44ED-424A-8435-A661C9D7E094}.DummyPlatform|Any CPU.Build.0 = Debug|Any CPU
		{DFA1B5B8-44ED-424A-8435-A661C9D7E094}.DummyPlatform|x86.ActiveCfg = Debug|Any CPU
		{DFA1B5B8-44ED-424A-8435-A661C9D7E094}.Release|Any CPU.ActiveCfg = Release|Any CPU
		{DFA1B5B8-44ED-424A-8435-A661C9D7E094}.Release|Any CPU.Build.0 = Release|Any CPU
		{DFA1B5B8-44ED-424A-8435-A661C9D7E094}.Release|x86.ActiveCfg = Release|Any CPU
		{DFA1B5B8-44ED-424A-8435-A661C9D7E094}.TempBuild|Any CPU.ActiveCfg = Release|Any CPU
		{DFA1B5B8-44ED-424A-8435-A661C9D7E094}.TempBuild|Any CPU.Build.0 = Release|Any CPU
		{DFA1B5B8-44ED-424A-8435-A661C9D7E094}.TempBuild|x86.ActiveCfg = Release|Any CPU
		{735239BB-DDAA-42DC-854A-FEEE6BBF503E}.Debug|Any CPU.ActiveCfg = Debug|Any CPU
		{735239BB-DDAA-42DC-854A-FEEE6BBF503E}.Debug|Any CPU.Build.0 = Debug|Any CPU
		{735239BB-DDAA-42DC-854A-FEEE6BBF503E}.Debug|x86.ActiveCfg = Debug|Any CPU
		{735239BB-DDAA-42DC-854A-FEEE6BBF503E}.DummyPlatform|Any CPU.ActiveCfg = Debug|Any CPU
		{735239BB-DDAA-42DC-854A-FEEE6BBF503E}.DummyPlatform|Any CPU.Build.0 = Debug|Any CPU
		{735239BB-DDAA-42DC-854A-FEEE6BBF503E}.DummyPlatform|x86.ActiveCfg = Debug|Any CPU
		{735239BB-DDAA-42DC-854A-FEEE6BBF503E}.Release|Any CPU.ActiveCfg = Release|Any CPU
		{735239BB-DDAA-42DC-854A-FEEE6BBF503E}.Release|Any CPU.Build.0 = Release|Any CPU
		{735239BB-DDAA-42DC-854A-FEEE6BBF503E}.Release|x86.ActiveCfg = Release|Any CPU
		{735239BB-DDAA-42DC-854A-FEEE6BBF503E}.TempBuild|Any CPU.ActiveCfg = Release|Any CPU
		{735239BB-DDAA-42DC-854A-FEEE6BBF503E}.TempBuild|Any CPU.Build.0 = Release|Any CPU
		{735239BB-DDAA-42DC-854A-FEEE6BBF503E}.TempBuild|x86.ActiveCfg = Release|Any CPU
		{EEA8CBE9-90F7-4411-A7A5-A702C902D02F}.Debug|Any CPU.ActiveCfg = Debug|Any CPU
		{EEA8CBE9-90F7-4411-A7A5-A702C902D02F}.Debug|Any CPU.Build.0 = Debug|Any CPU
		{EEA8CBE9-90F7-4411-A7A5-A702C902D02F}.Debug|x86.ActiveCfg = Debug|Any CPU
		{EEA8CBE9-90F7-4411-A7A5-A702C902D02F}.DummyPlatform|Any CPU.ActiveCfg = Debug|Any CPU
		{EEA8CBE9-90F7-4411-A7A5-A702C902D02F}.DummyPlatform|Any CPU.Build.0 = Debug|Any CPU
		{EEA8CBE9-90F7-4411-A7A5-A702C902D02F}.DummyPlatform|x86.ActiveCfg = Debug|Any CPU
		{EEA8CBE9-90F7-4411-A7A5-A702C902D02F}.Release|Any CPU.ActiveCfg = Release|Any CPU
		{EEA8CBE9-90F7-4411-A7A5-A702C902D02F}.Release|Any CPU.Build.0 = Release|Any CPU
		{EEA8CBE9-90F7-4411-A7A5-A702C902D02F}.Release|x86.ActiveCfg = Release|Any CPU
		{EEA8CBE9-90F7-4411-A7A5-A702C902D02F}.TempBuild|Any CPU.ActiveCfg = Release|Any CPU
		{EEA8CBE9-90F7-4411-A7A5-A702C902D02F}.TempBuild|Any CPU.Build.0 = Release|Any CPU
		{EEA8CBE9-90F7-4411-A7A5-A702C902D02F}.TempBuild|x86.ActiveCfg = Release|Any CPU
		{BFFF47CC-9FE5-47F6-B8E4-3771338694F2}.Debug|Any CPU.ActiveCfg = Debug|Any CPU
		{BFFF47CC-9FE5-47F6-B8E4-3771338694F2}.Debug|Any CPU.Build.0 = Debug|Any CPU
		{BFFF47CC-9FE5-47F6-B8E4-3771338694F2}.Debug|x86.ActiveCfg = Debug|Any CPU
		{BFFF47CC-9FE5-47F6-B8E4-3771338694F2}.DummyPlatform|Any CPU.ActiveCfg = Debug|Any CPU
		{BFFF47CC-9FE5-47F6-B8E4-3771338694F2}.DummyPlatform|Any CPU.Build.0 = Debug|Any CPU
		{BFFF47CC-9FE5-47F6-B8E4-3771338694F2}.DummyPlatform|x86.ActiveCfg = Debug|Any CPU
		{BFFF47CC-9FE5-47F6-B8E4-3771338694F2}.Release|Any CPU.ActiveCfg = Release|Any CPU
		{BFFF47CC-9FE5-47F6-B8E4-3771338694F2}.Release|Any CPU.Build.0 = Release|Any CPU
		{BFFF47CC-9FE5-47F6-B8E4-3771338694F2}.Release|x86.ActiveCfg = Release|Any CPU
		{BFFF47CC-9FE5-47F6-B8E4-3771338694F2}.TempBuild|Any CPU.ActiveCfg = Release|Any CPU
		{BFFF47CC-9FE5-47F6-B8E4-3771338694F2}.TempBuild|Any CPU.Build.0 = Release|Any CPU
		{BFFF47CC-9FE5-47F6-B8E4-3771338694F2}.TempBuild|x86.ActiveCfg = Release|Any CPU
		{DA87B9E0-3584-4448-97B5-9877CAC44352}.Debug|Any CPU.ActiveCfg = Debug|Any CPU
		{DA87B9E0-3584-4448-97B5-9877CAC44352}.Debug|Any CPU.Build.0 = Debug|Any CPU
		{DA87B9E0-3584-4448-97B5-9877CAC44352}.Debug|x86.ActiveCfg = Debug|Any CPU
		{DA87B9E0-3584-4448-97B5-9877CAC44352}.DummyPlatform|Any CPU.ActiveCfg = Debug|Any CPU
		{DA87B9E0-3584-4448-97B5-9877CAC44352}.DummyPlatform|Any CPU.Build.0 = Debug|Any CPU
		{DA87B9E0-3584-4448-97B5-9877CAC44352}.DummyPlatform|x86.ActiveCfg = Debug|Any CPU
		{DA87B9E0-3584-4448-97B5-9877CAC44352}.Release|Any CPU.ActiveCfg = Release|Any CPU
		{DA87B9E0-3584-4448-97B5-9877CAC44352}.Release|Any CPU.Build.0 = Release|Any CPU
		{DA87B9E0-3584-4448-97B5-9877CAC44352}.Release|x86.ActiveCfg = Release|Any CPU
		{DA87B9E0-3584-4448-97B5-9877CAC44352}.TempBuild|Any CPU.ActiveCfg = Release|Any CPU
		{DA87B9E0-3584-4448-97B5-9877CAC44352}.TempBuild|Any CPU.Build.0 = Release|Any CPU
		{DA87B9E0-3584-4448-97B5-9877CAC44352}.TempBuild|x86.ActiveCfg = Release|Any CPU
		{6EB878D6-87F4-4E78-99A3-A2D0D253FE77}.Debug|Any CPU.ActiveCfg = Debug|Any CPU
		{6EB878D6-87F4-4E78-99A3-A2D0D253FE77}.Debug|Any CPU.Build.0 = Debug|Any CPU
		{6EB878D6-87F4-4E78-99A3-A2D0D253FE77}.Debug|x86.ActiveCfg = Debug|Any CPU
		{6EB878D6-87F4-4E78-99A3-A2D0D253FE77}.DummyPlatform|Any CPU.ActiveCfg = Debug|Any CPU
		{6EB878D6-87F4-4E78-99A3-A2D0D253FE77}.DummyPlatform|Any CPU.Build.0 = Debug|Any CPU
		{6EB878D6-87F4-4E78-99A3-A2D0D253FE77}.DummyPlatform|x86.ActiveCfg = Debug|Any CPU
		{6EB878D6-87F4-4E78-99A3-A2D0D253FE77}.Release|Any CPU.ActiveCfg = Release|Any CPU
		{6EB878D6-87F4-4E78-99A3-A2D0D253FE77}.Release|Any CPU.Build.0 = Release|Any CPU
		{6EB878D6-87F4-4E78-99A3-A2D0D253FE77}.Release|x86.ActiveCfg = Release|Any CPU
		{6EB878D6-87F4-4E78-99A3-A2D0D253FE77}.TempBuild|Any CPU.ActiveCfg = Release|Any CPU
		{6EB878D6-87F4-4E78-99A3-A2D0D253FE77}.TempBuild|Any CPU.Build.0 = Release|Any CPU
		{6EB878D6-87F4-4E78-99A3-A2D0D253FE77}.TempBuild|x86.ActiveCfg = Release|Any CPU
		{A3531295-C624-41A7-9FC5-6196B132254B}.Debug|Any CPU.ActiveCfg = Debug|Any CPU
		{A3531295-C624-41A7-9FC5-6196B132254B}.Debug|Any CPU.Build.0 = Debug|Any CPU
		{A3531295-C624-41A7-9FC5-6196B132254B}.Debug|x86.ActiveCfg = Debug|Any CPU
		{A3531295-C624-41A7-9FC5-6196B132254B}.DummyPlatform|Any CPU.ActiveCfg = Debug|Any CPU
		{A3531295-C624-41A7-9FC5-6196B132254B}.DummyPlatform|Any CPU.Build.0 = Debug|Any CPU
		{A3531295-C624-41A7-9FC5-6196B132254B}.DummyPlatform|x86.ActiveCfg = Debug|Any CPU
		{A3531295-C624-41A7-9FC5-6196B132254B}.Release|Any CPU.ActiveCfg = Release|Any CPU
		{A3531295-C624-41A7-9FC5-6196B132254B}.Release|Any CPU.Build.0 = Release|Any CPU
		{A3531295-C624-41A7-9FC5-6196B132254B}.Release|x86.ActiveCfg = Release|Any CPU
		{A3531295-C624-41A7-9FC5-6196B132254B}.TempBuild|Any CPU.ActiveCfg = Release|Any CPU
		{A3531295-C624-41A7-9FC5-6196B132254B}.TempBuild|Any CPU.Build.0 = Release|Any CPU
		{A3531295-C624-41A7-9FC5-6196B132254B}.TempBuild|x86.ActiveCfg = Release|Any CPU
		{96407E86-0D6D-4451-8CC4-7E2A13FDA2A2}.Debug|Any CPU.ActiveCfg = Debug|Any CPU
		{96407E86-0D6D-4451-8CC4-7E2A13FDA2A2}.Debug|Any CPU.Build.0 = Debug|Any CPU
		{96407E86-0D6D-4451-8CC4-7E2A13FDA2A2}.Debug|x86.ActiveCfg = Debug|Any CPU
		{96407E86-0D6D-4451-8CC4-7E2A13FDA2A2}.DummyPlatform|Any CPU.ActiveCfg = Debug|Any CPU
		{96407E86-0D6D-4451-8CC4-7E2A13FDA2A2}.DummyPlatform|Any CPU.Build.0 = Debug|Any CPU
		{96407E86-0D6D-4451-8CC4-7E2A13FDA2A2}.DummyPlatform|x86.ActiveCfg = Debug|Any CPU
		{96407E86-0D6D-4451-8CC4-7E2A13FDA2A2}.Release|Any CPU.ActiveCfg = Release|Any CPU
		{96407E86-0D6D-4451-8CC4-7E2A13FDA2A2}.Release|Any CPU.Build.0 = Release|Any CPU
		{96407E86-0D6D-4451-8CC4-7E2A13FDA2A2}.Release|x86.ActiveCfg = Release|Any CPU
		{96407E86-0D6D-4451-8CC4-7E2A13FDA2A2}.TempBuild|Any CPU.ActiveCfg = Release|Any CPU
		{96407E86-0D6D-4451-8CC4-7E2A13FDA2A2}.TempBuild|Any CPU.Build.0 = Release|Any CPU
		{96407E86-0D6D-4451-8CC4-7E2A13FDA2A2}.TempBuild|x86.ActiveCfg = Release|Any CPU
		{B2A0957D-40A4-4908-A597-AD6000B045FD}.Debug|Any CPU.ActiveCfg = Debug|Any CPU
		{B2A0957D-40A4-4908-A597-AD6000B045FD}.Debug|Any CPU.Build.0 = Debug|Any CPU
		{B2A0957D-40A4-4908-A597-AD6000B045FD}.Debug|x86.ActiveCfg = Debug|Any CPU
		{B2A0957D-40A4-4908-A597-AD6000B045FD}.DummyPlatform|Any CPU.ActiveCfg = Debug|Any CPU
		{B2A0957D-40A4-4908-A597-AD6000B045FD}.DummyPlatform|Any CPU.Build.0 = Debug|Any CPU
		{B2A0957D-40A4-4908-A597-AD6000B045FD}.DummyPlatform|x86.ActiveCfg = Debug|Any CPU
		{B2A0957D-40A4-4908-A597-AD6000B045FD}.Release|Any CPU.ActiveCfg = Release|Any CPU
		{B2A0957D-40A4-4908-A597-AD6000B045FD}.Release|Any CPU.Build.0 = Release|Any CPU
		{B2A0957D-40A4-4908-A597-AD6000B045FD}.Release|x86.ActiveCfg = Release|Any CPU
		{B2A0957D-40A4-4908-A597-AD6000B045FD}.TempBuild|Any CPU.ActiveCfg = Release|Any CPU
		{B2A0957D-40A4-4908-A597-AD6000B045FD}.TempBuild|Any CPU.Build.0 = Release|Any CPU
		{B2A0957D-40A4-4908-A597-AD6000B045FD}.TempBuild|x86.ActiveCfg = Release|Any CPU
	EndGlobalSection
	GlobalSection(SolutionProperties) = preSolution
		HideSolutionNode = FALSE
	EndGlobalSection
	GlobalSection(NestedProjects) = preSolution
		{1AE44BCA-78B1-4B19-BDAD-752EFE931B5A} = {A106B8BE-6B40-4081-BA47-747D55437959}
		{482C98A1-FB26-4DB0-8B60-7A14924DC223} = {32904F9B-14E9-4FEB-820F-5D0A90B5F573}
		{92AF0185-EC38-43E2-854F-C72E160CC8CE} = {1CD7C44E-9808-44D4-B59A-ADE7AA64A846}
		{9E900FD0-BD6A-4732-B29D-6147E04E599A} = {32904F9B-14E9-4FEB-820F-5D0A90B5F573}
		{D92C8523-8417-4A52-A8BC-70A53159645B} = {A106B8BE-6B40-4081-BA47-747D55437959}
		{1DDC991F-5C2D-4195-8DF2-6E17ECA050CD} = {1CD7C44E-9808-44D4-B59A-ADE7AA64A846}
		{D83B9C88-F248-44D9-97B9-E957BC8E1637} = {208CEF52-07EC-425E-BF7D-F1C1EF5F1CC2}
		{7ABD9967-0409-43B3-A675-D6EBE5BA10A7} = {208CEF52-07EC-425E-BF7D-F1C1EF5F1CC2}
		{97A0E167-B500-440D-80F0-4BB751914F74} = {1636A05C-85C5-4D1D-A1F4-6AFA8BE35B83}
		{3A46CC05-B1A1-46F6-890C-AC972E2D0FBA} = {1636A05C-85C5-4D1D-A1F4-6AFA8BE35B83}
		{5F63E7B9-69FB-4A83-871A-D5018C164333} = {573CCBCA-249D-419A-8F07-5D1D039C5C43}
		{DE31DC1A-BB59-43F9-B944-4F80148E0ED3} = {573CCBCA-249D-419A-8F07-5D1D039C5C43}
		{85427D5C-9FBD-49FB-9980-C674E91BF0FE} = {1D17DE2A-2951-412A-B5F6-15D8B8B7BF77}
		{20BA25B4-6DF7-4167-ACAA-8C45EF41603C} = {1D17DE2A-2951-412A-B5F6-15D8B8B7BF77}
		{A3483AD2-5BE2-4A5F-9C80-EDCD01AE5B84} = {B6648819-0B76-4790-A722-D12E7938EDDC}
		{67C5E9D2-3113-405B-BD11-37E3008FBC66} = {B6648819-0B76-4790-A722-D12E7938EDDC}
		{1D17DE2A-2951-412A-B5F6-15D8B8B7BF77} = {208CEF52-07EC-425E-BF7D-F1C1EF5F1CC2}
		{B6648819-0B76-4790-A722-D12E7938EDDC} = {208CEF52-07EC-425E-BF7D-F1C1EF5F1CC2}
		{573CCBCA-249D-419A-8F07-5D1D039C5C43} = {57EACEC4-B637-49A0-B9EC-6195ABD7E1A3}
		{1636A05C-85C5-4D1D-A1F4-6AFA8BE35B83} = {57EACEC4-B637-49A0-B9EC-6195ABD7E1A3}
		{915EA426-B451-4532-8CC9-2534F97723CB} = {B1300552-E015-4084-BDC1-3D861DF57E37}
		{61BA21A8-F6DB-447E-B7D9-A43CC4B41453} = {B1300552-E015-4084-BDC1-3D861DF57E37}
		{B84594E8-D86F-4B89-96E0-B382ECF7CB4B} = {436D2F1A-2999-4459-8224-5B7C236892FC}
		{B1300552-E015-4084-BDC1-3D861DF57E37} = {57EACEC4-B637-49A0-B9EC-6195ABD7E1A3}
		{436D2F1A-2999-4459-8224-5B7C236892FC} = {57EACEC4-B637-49A0-B9EC-6195ABD7E1A3}
		{57EACEC4-B637-49A0-B9EC-6195ABD7E1A3} = {208CEF52-07EC-425E-BF7D-F1C1EF5F1CC2}
		{DFA1B5B8-44ED-424A-8435-A661C9D7E094} = {32904F9B-14E9-4FEB-820F-5D0A90B5F573}
		{BFFF47CC-9FE5-47F6-B8E4-3771338694F2} = {436D2F1A-2999-4459-8224-5B7C236892FC}
		{6EB878D6-87F4-4E78-99A3-A2D0D253FE77} = {208CEF52-07EC-425E-BF7D-F1C1EF5F1CC2}
		{A3531295-C624-41A7-9FC5-6196B132254B} = {208CEF52-07EC-425E-BF7D-F1C1EF5F1CC2}
		{96407E86-0D6D-4451-8CC4-7E2A13FDA2A2} = {208CEF52-07EC-425E-BF7D-F1C1EF5F1CC2}
		{1CD7C44E-9808-44D4-B59A-ADE7AA64A846} = {57EACEC4-B637-49A0-B9EC-6195ABD7E1A3}
		{B2A0957D-40A4-4908-A597-AD6000B045FD} = {32904F9B-14E9-4FEB-820F-5D0A90B5F573}
	EndGlobalSection
EndGlobal
